
Microsoft Visual Studio Solution File, Format Version 12.00
# Visual Studio Version 16
VisualStudioVersion = 16.0.29020.237
MinimumVisualStudioVersion = 10.0.40219.1
Project("{FAE04EC0-301F-11D3-BF4B-00C04F79EFBC}") = "Flotapp", "Flotapp\Flotapp.csproj", "{7011F74B-8FC1-4207-A6D1-660042DA42F5}"
EndProject
Project("{FAE04EC0-301F-11D3-BF4B-00C04F79EFBC}") = "FlotappService", "..\FlotappService\FlotappService\FlotappService.csproj", "{2C100F1D-FA7D-4077-A488-F603D6522289}"
EndProject
Global
	GlobalSection(SolutionConfigurationPlatforms) = preSolution
		Debug|Any CPU = Debug|Any CPU
		Release|Any CPU = Release|Any CPU
	EndGlobalSection
	GlobalSection(ProjectConfigurationPlatforms) = postSolution
		{7011F74B-8FC1-4207-A6D1-660042DA42F5}.Debug|Any CPU.ActiveCfg = Debug|Any CPU
		{7011F74B-8FC1-4207-A6D1-660042DA42F5}.Debug|Any CPU.Build.0 = Debug|Any CPU
		{7011F74B-8FC1-4207-A6D1-660042DA42F5}.Release|Any CPU.ActiveCfg = Release|Any CPU
		{7011F74B-8FC1-4207-A6D1-660042DA42F5}.Release|Any CPU.Build.0 = Release|Any CPU
		{2C100F1D-FA7D-4077-A488-F603D6522289}.Debug|Any CPU.ActiveCfg = Debug|Any CPU
		{2C100F1D-FA7D-4077-A488-F603D6522289}.Debug|Any CPU.Build.0 = Debug|Any CPU
		{2C100F1D-FA7D-4077-A488-F603D6522289}.Release|Any CPU.ActiveCfg = Release|Any CPU
		{2C100F1D-FA7D-4077-A488-F603D6522289}.Release|Any CPU.Build.0 = Release|Any CPU
	EndGlobalSection
	GlobalSection(SolutionProperties) = preSolution
		HideSolutionNode = FALSE
	EndGlobalSection
	GlobalSection(ExtensibilityGlobals) = postSolution
		SolutionGuid = {E5E39C22-B4AE-4E6C-B5DC-42908A1BD24E}
	EndGlobalSection
EndGlobal
